// !$*UTF8*$!
{
	archiveVersion = 1;
	classes = {
	};
	objectVersion = 56;
	objects = {

/* Begin PBXBuildFile section */
		DD18F4262B54423A0004A0AC /* ClubHouseApp.swift in Sources */ = {isa = PBXBuildFile; fileRef = DD18F4252B54423A0004A0AC /* ClubHouseApp.swift */; };
		DD18F4282B54423A0004A0AC /* ContentView.swift in Sources */ = {isa = PBXBuildFile; fileRef = DD18F4272B54423A0004A0AC /* ContentView.swift */; };
		DD18F42D2B54423B0004A0AC /* Preview Assets.xcassets in Resources */ = {isa = PBXBuildFile; fileRef = DD18F42C2B54423B0004A0AC /* Preview Assets.xcassets */; };
		DD18F4342B5442700004A0AC /* Assets.xcassets in Resources */ = {isa = PBXBuildFile; fileRef = DD18F4332B5442700004A0AC /* Assets.xcassets */; };
		DD18F4372B5442CC0004A0AC /* RoomViewModel.swift in Sources */ = {isa = PBXBuildFile; fileRef = DD18F4362B5442CC0004A0AC /* RoomViewModel.swift */; };
		DD18F43A2B5443130004A0AC /* UpcomingRoomModel.swift in Sources */ = {isa = PBXBuildFile; fileRef = DD18F4392B5443130004A0AC /* UpcomingRoomModel.swift */; };
		DD18F43C2B54431D0004A0AC /* FeedRoom.swift in Sources */ = {isa = PBXBuildFile; fileRef = DD18F43B2B54431D0004A0AC /* FeedRoom.swift */; };
		DD18F43E2B5443260004A0AC /* FeedItem.swift in Sources */ = {isa = PBXBuildFile; fileRef = DD18F43D2B5443260004A0AC /* FeedItem.swift */; };
		DD18F4452B54436B0004A0AC /* NunitoSans-ExtraBold.ttf in Resources */ = {isa = PBXBuildFile; fileRef = DD18F4412B54436B0004A0AC /* NunitoSans-ExtraBold.ttf */; };
		DD18F4462B54436B0004A0AC /* NunitoSans-Regular.ttf in Resources */ = {isa = PBXBuildFile; fileRef = DD18F4422B54436B0004A0AC /* NunitoSans-Regular.ttf */; };
		DD18F4472B54436B0004A0AC /* NunitoSans-Bold.ttf in Resources */ = {isa = PBXBuildFile; fileRef = DD18F4432B54436B0004A0AC /* NunitoSans-Bold.ttf */; };
		DD18F4482B54436B0004A0AC /* NunitoSans-SemiBold.ttf in Resources */ = {isa = PBXBuildFile; fileRef = DD18F4442B54436B0004A0AC /* NunitoSans-SemiBold.ttf */; };
		DD18F44A2B5443840004A0AC /* Image.swift in Sources */ = {isa = PBXBuildFile; fileRef = DD18F4492B5443840004A0AC /* Image.swift */; };
		DD18F44C2B54488C0004A0AC /* Font.swift in Sources */ = {isa = PBXBuildFile; fileRef = DD18F44B2B54488C0004A0AC /* Font.swift */; };
		DD18F4512B54667C0004A0AC /* HomeHeaderView.swift in Sources */ = {isa = PBXBuildFile; fileRef = DD18F4502B54667C0004A0AC /* HomeHeaderView.swift */; };
		DD18F4542B546BDC0004A0AC /* UpcomingRoomsView.swift in Sources */ = {isa = PBXBuildFile; fileRef = DD18F4532B546BDC0004A0AC /* UpcomingRoomsView.swift */; };
/* End PBXBuildFile section */

/* Begin PBXFileReference section */
		DD18F4222B54423A0004A0AC /* ClubHouse.app */ = {isa = PBXFileReference; explicitFileType = wrapper.application; includeInIndex = 0; path = ClubHouse.app; sourceTree = BUILT_PRODUCTS_DIR; };
		DD18F4252B54423A0004A0AC /* ClubHouseApp.swift */ = {isa = PBXFileReference; lastKnownFileType = sourcecode.swift; path = ClubHouseApp.swift; sourceTree = "<group>"; };
		DD18F4272B54423A0004A0AC /* ContentView.swift */ = {isa = PBXFileReference; lastKnownFileType = sourcecode.swift; path = ContentView.swift; sourceTree = "<group>"; };
		DD18F42C2B54423B0004A0AC /* Preview Assets.xcassets */ = {isa = PBXFileReference; lastKnownFileType = folder.assetcatalog; path = "Preview Assets.xcassets"; sourceTree = "<group>"; };
		DD18F4332B5442700004A0AC /* Assets.xcassets */ = {isa = PBXFileReference; lastKnownFileType = folder.assetcatalog; path = Assets.xcassets; sourceTree = "<group>"; };
		DD18F4362B5442CC0004A0AC /* RoomViewModel.swift */ = {isa = PBXFileReference; lastKnownFileType = sourcecode.swift; path = RoomViewModel.swift; sourceTree = "<group>"; };
		DD18F4392B5443130004A0AC /* UpcomingRoomModel.swift */ = {isa = PBXFileReference; lastKnownFileType = sourcecode.swift; path = UpcomingRoomModel.swift; sourceTree = "<group>"; };
		DD18F43B2B54431D0004A0AC /* FeedRoom.swift */ = {isa = PBXFileReference; lastKnownFileType = sourcecode.swift; path = FeedRoom.swift; sourceTree = "<group>"; };
		DD18F43D2B5443260004A0AC /* FeedItem.swift */ = {isa = PBXFileReference; lastKnownFileType = sourcecode.swift; path = FeedItem.swift; sourceTree = "<group>"; };
		DD18F4412B54436B0004A0AC /* NunitoSans-ExtraBold.ttf */ = {isa = PBXFileReference; lastKnownFileType = file; path = "NunitoSans-ExtraBold.ttf"; sourceTree = "<group>"; };
		DD18F4422B54436B0004A0AC /* NunitoSans-Regular.ttf */ = {isa = PBXFileReference; lastKnownFileType = file; path = "NunitoSans-Regular.ttf"; sourceTree = "<group>"; };
		DD18F4432B54436B0004A0AC /* NunitoSans-Bold.ttf */ = {isa = PBXFileReference; lastKnownFileType = file; path = "NunitoSans-Bold.ttf"; sourceTree = "<group>"; };
		DD18F4442B54436B0004A0AC /* NunitoSans-SemiBold.ttf */ = {isa = PBXFileReference; lastKnownFileType = file; path = "NunitoSans-SemiBold.ttf"; sourceTree = "<group>"; };
		DD18F4492B5443840004A0AC /* Image.swift */ = {isa = PBXFileReference; lastKnownFileType = sourcecode.swift; path = Image.swift; sourceTree = "<group>"; };
		DD18F44B2B54488C0004A0AC /* Font.swift */ = {isa = PBXFileReference; lastKnownFileType = sourcecode.swift; path = Font.swift; sourceTree = "<group>"; };
		DD18F44D2B5448F90004A0AC /* Info.plist */ = {isa = PBXFileReference; lastKnownFileType = text.plist; path = Info.plist; sourceTree = "<group>"; };
		DD18F4502B54667C0004A0AC /* HomeHeaderView.swift */ = {isa = PBXFileReference; lastKnownFileType = sourcecode.swift; path = HomeHeaderView.swift; sourceTree = "<group>"; };
		DD18F4532B546BDC0004A0AC /* UpcomingRoomsView.swift */ = {isa = PBXFileReference; lastKnownFileType = sourcecode.swift; path = UpcomingRoomsView.swift; sourceTree = "<group>"; };
/* End PBXFileReference section */

/* Begin PBXFrameworksBuildPhase section */
		DD18F41F2B54423A0004A0AC /* Frameworks */ = {
			isa = PBXFrameworksBuildPhase;
			buildActionMask = 2147483647;
			files = (
			);
			runOnlyForDeploymentPostprocessing = 0;
		};
/* End PBXFrameworksBuildPhase section */

/* Begin PBXGroup section */
		DD18F4192B54423A0004A0AC = {
			isa = PBXGroup;
			children = (
				DD18F4242B54423A0004A0AC /* ClubHouse */,
				DD18F4232B54423A0004A0AC /* Products */,
			);
			sourceTree = "<group>";
		};
		DD18F4232B54423A0004A0AC /* Products */ = {
			isa = PBXGroup;
			children = (
				DD18F4222B54423A0004A0AC /* ClubHouse.app */,
			);
			name = Products;
			sourceTree = "<group>";
		};
		DD18F4242B54423A0004A0AC /* ClubHouse */ = {
			isa = PBXGroup;
			children = (
				DD18F44E2B54665E0004A0AC /* Views */,
				DD18F44D2B5448F90004A0AC /* Info.plist */,
				DD18F4352B54429A0004A0AC /* ViewModel */,
				DD18F4382B5442F70004A0AC /* Model */,
				DD18F43F2B5443560004A0AC /* Resources */,
				DD18F4252B54423A0004A0AC /* ClubHouseApp.swift */,
				DD18F4272B54423A0004A0AC /* ContentView.swift */,
				DD18F4332B5442700004A0AC /* Assets.xcassets */,
				DD18F42B2B54423B0004A0AC /* Preview Content */,
			);
			path = ClubHouse;
			sourceTree = "<group>";
		};
		DD18F42B2B54423B0004A0AC /* Preview Content */ = {
			isa = PBXGroup;
			children = (
				DD18F42C2B54423B0004A0AC /* Preview Assets.xcassets */,
			);
			path = "Preview Content";
			sourceTree = "<group>";
		};
		DD18F4352B54429A0004A0AC /* ViewModel */ = {
			isa = PBXGroup;
			children = (
				DD18F4362B5442CC0004A0AC /* RoomViewModel.swift */,
			);
			path = ViewModel;
			sourceTree = "<group>";
		};
		DD18F4382B5442F70004A0AC /* Model */ = {
			isa = PBXGroup;
			children = (
				DD18F4392B5443130004A0AC /* UpcomingRoomModel.swift */,
				DD18F43B2B54431D0004A0AC /* FeedRoom.swift */,
				DD18F43D2B5443260004A0AC /* FeedItem.swift */,
			);
			path = Model;
			sourceTree = "<group>";
		};
		DD18F43F2B5443560004A0AC /* Resources */ = {
			isa = PBXGroup;
			children = (
				DD18F4402B54436B0004A0AC /* Fonts */,
				DD18F4492B5443840004A0AC /* Image.swift */,
				DD18F44B2B54488C0004A0AC /* Font.swift */,
			);
			path = Resources;
			sourceTree = "<group>";
		};
		DD18F4402B54436B0004A0AC /* Fonts */ = {
			isa = PBXGroup;
			children = (
				DD18F4412B54436B0004A0AC /* NunitoSans-ExtraBold.ttf */,
				DD18F4422B54436B0004A0AC /* NunitoSans-Regular.ttf */,
				DD18F4432B54436B0004A0AC /* NunitoSans-Bold.ttf */,
				DD18F4442B54436B0004A0AC /* NunitoSans-SemiBold.ttf */,
			);
			path = Fonts;
			sourceTree = "<group>";
		};
		DD18F44E2B54665E0004A0AC /* Views */ = {
			isa = PBXGroup;
			children = (
				DD18F4522B546BC50004A0AC /* HomeFeed */,
				DD18F44F2B5466630004A0AC /* Headers */,
			);
			path = Views;
			sourceTree = "<group>";
		};
		DD18F44F2B5466630004A0AC /* Headers */ = {
			isa = PBXGroup;
			children = (
				DD18F4502B54667C0004A0AC /* HomeHeaderView.swift */,
			);
			path = Headers;
			sourceTree = "<group>";
		};
		DD18F4522B546BC50004A0AC /* HomeFeed */ = {
			isa = PBXGroup;
			children = (
				DD18F4532B546BDC0004A0AC /* UpcomingRoomsView.swift */,
			);
			path = HomeFeed;
			sourceTree = "<group>";
		};
/* End PBXGroup section */

/* Begin PBXNativeTarget section */
		DD18F4212B54423A0004A0AC /* ClubHouse */ = {
			isa = PBXNativeTarget;
			buildConfigurationList = DD18F4302B54423B0004A0AC /* Build configuration list for PBXNativeTarget "ClubHouse" */;
			buildPhases = (
				DD18F41E2B54423A0004A0AC /* Sources */,
				DD18F41F2B54423A0004A0AC /* Frameworks */,
				DD18F4202B54423A0004A0AC /* Resources */,
			);
			buildRules = (
			);
			dependencies = (
			);
			name = ClubHouse;
			productName = ClubHouse;
			productReference = DD18F4222B54423A0004A0AC /* ClubHouse.app */;
			productType = "com.apple.product-type.application";
		};
/* End PBXNativeTarget section */

/* Begin PBXProject section */
		DD18F41A2B54423A0004A0AC /* Project object */ = {
			isa = PBXProject;
			attributes = {
				BuildIndependentTargetsInParallel = 1;
				LastSwiftUpdateCheck = 1510;
				LastUpgradeCheck = 1510;
				TargetAttributes = {
					DD18F4212B54423A0004A0AC = {
						CreatedOnToolsVersion = 15.1;
					};
				};
			};
			buildConfigurationList = DD18F41D2B54423A0004A0AC /* Build configuration list for PBXProject "ClubHouse" */;
			compatibilityVersion = "Xcode 14.0";
			developmentRegion = en;
			hasScannedForEncodings = 0;
			knownRegions = (
				en,
				Base,
			);
			mainGroup = DD18F4192B54423A0004A0AC;
			productRefGroup = DD18F4232B54423A0004A0AC /* Products */;
			projectDirPath = "";
			projectRoot = "";
			targets = (
				DD18F4212B54423A0004A0AC /* ClubHouse */,
			);
		};
/* End PBXProject section */

/* Begin PBXResourcesBuildPhase section */
		DD18F4202B54423A0004A0AC /* Resources */ = {
			isa = PBXResourcesBuildPhase;
			buildActionMask = 2147483647;
			files = (
				DD18F4342B5442700004A0AC /* Assets.xcassets in Resources */,
				DD18F4452B54436B0004A0AC /* NunitoSans-ExtraBold.ttf in Resources */,
				DD18F42D2B54423B0004A0AC /* Preview Assets.xcassets in Resources */,
				DD18F4482B54436B0004A0AC /* NunitoSans-SemiBold.ttf in Resources */,
				DD18F4472B54436B0004A0AC /* NunitoSans-Bold.ttf in Resources */,
				DD18F4462B54436B0004A0AC /* NunitoSans-Regular.ttf in Resources */,
			);
			runOnlyForDeploymentPostprocessing = 0;
		};
/* End PBXResourcesBuildPhase section */

/* Begin PBXSourcesBuildPhase section */
		DD18F41E2B54423A0004A0AC /* Sources */ = {
			isa = PBXSourcesBuildPhase;
			buildActionMask = 2147483647;
			files = (
				DD18F4282B54423A0004A0AC /* ContentView.swift in Sources */,
				DD18F4542B546BDC0004A0AC /* UpcomingRoomsView.swift in Sources */,
				DD18F43C2B54431D0004A0AC /* FeedRoom.swift in Sources */,
				DD18F43E2B5443260004A0AC /* FeedItem.swift in Sources */,
				DD18F4512B54667C0004A0AC /* HomeHeaderView.swift in Sources */,
				DD18F44A2B5443840004A0AC /* Image.swift in Sources */,
				DD18F44C2B54488C0004A0AC /* Font.swift in Sources */,
				DD18F4372B5442CC0004A0AC /* RoomViewModel.swift in Sources */,
				DD18F43A2B5443130004A0AC /* UpcomingRoomModel.swift in Sources */,
				DD18F4262B54423A0004A0AC /* ClubHouseApp.swift in Sources */,
			);
			runOnlyForDeploymentPostprocessing = 0;
		};
/* End PBXSourcesBuildPhase section */

/* Begin XCBuildConfiguration section */
		DD18F42E2B54423B0004A0AC /* Debug */ = {
			isa = XCBuildConfiguration;
			buildSettings = {
				ALWAYS_SEARCH_USER_PATHS = NO;
				ASSETCATALOG_COMPILER_GENERATE_SWIFT_ASSET_SYMBOL_EXTENSIONS = YES;
				CLANG_ANALYZER_NONNULL = YES;
				CLANG_ANALYZER_NUMBER_OBJECT_CONVERSION = YES_AGGRESSIVE;
				CLANG_CXX_LANGUAGE_STANDARD = "gnu++20";
				CLANG_ENABLE_MODULES = YES;
				CLANG_ENABLE_OBJC_ARC = YES;
				CLANG_ENABLE_OBJC_WEAK = YES;
				CLANG_WARN_BLOCK_CAPTURE_AUTORELEASING = YES;
				CLANG_WARN_BOOL_CONVERSION = YES;
				CLANG_WARN_COMMA = YES;
				CLANG_WARN_CONSTANT_CONVERSION = YES;
				CLANG_WARN_DEPRECATED_OBJC_IMPLEMENTATIONS = YES;
				CLANG_WARN_DIRECT_OBJC_ISA_USAGE = YES_ERROR;
				CLANG_WARN_DOCUMENTATION_COMMENTS = YES;
				CLANG_WARN_EMPTY_BODY = YES;
				CLANG_WARN_ENUM_CONVERSION = YES;
				CLANG_WARN_INFINITE_RECURSION = YES;
				CLANG_WARN_INT_CONVERSION = YES;
				CLANG_WARN_NON_LITERAL_NULL_CONVERSION = YES;
				CLANG_WARN_OBJC_IMPLICIT_RETAIN_SELF = YES;
				CLANG_WARN_OBJC_LITERAL_CONVERSION = YES;
				CLANG_WARN_OBJC_ROOT_CLASS = YES_ERROR;
				CLANG_WARN_QUOTED_INCLUDE_IN_FRAMEWORK_HEADER = YES;
				CLANG_WARN_RANGE_LOOP_ANALYSIS = YES;
				CLANG_WARN_STRICT_PROTOTYPES = YES;
				CLANG_WARN_SUSPICIOUS_MOVE = YES;
				CLANG_WARN_UNGUARDED_AVAILABILITY = YES_AGGRESSIVE;
				CLANG_WARN_UNREACHABLE_CODE = YES;
				CLANG_WARN__DUPLICATE_METHOD_MATCH = YES;
				COPY_PHASE_STRIP = NO;
				DEBUG_INFORMATION_FORMAT = dwarf;
				ENABLE_STRICT_OBJC_MSGSEND = YES;
				ENABLE_TESTABILITY = YES;
				ENABLE_USER_SCRIPT_SANDBOXING = YES;
				GCC_C_LANGUAGE_STANDARD = gnu17;
				GCC_DYNAMIC_NO_PIC = NO;
				GCC_NO_COMMON_BLOCKS = YES;
				GCC_OPTIMIZATION_LEVEL = 0;
				GCC_PREPROCESSOR_DEFINITIONS = (
					"DEBUG=1",
					"$(inherited)",
				);
				GCC_WARN_64_TO_32_BIT_CONVERSION = YES;
				GCC_WARN_ABOUT_RETURN_TYPE = YES_ERROR;
				GCC_WARN_UNDECLARED_SELECTOR = YES;
				GCC_WARN_UNINITIALIZED_AUTOS = YES_AGGRESSIVE;
				GCC_WARN_UNUSED_FUNCTION = YES;
				GCC_WARN_UNUSED_VARIABLE = YES;
				IPHONEOS_DEPLOYMENT_TARGET = 17.2;
				LOCALIZATION_PREFERS_STRING_CATALOGS = YES;
				MTL_ENABLE_DEBUG_INFO = INCLUDE_SOURCE;
				MTL_FAST_MATH = YES;
				ONLY_ACTIVE_ARCH = YES;
				SDKROOT = iphoneos;
				SWIFT_ACTIVE_COMPILATION_CONDITIONS = "DEBUG $(inherited)";
				SWIFT_OPTIMIZATION_LEVEL = "-Onone";
			};
			name = Debug;
		};
		DD18F42F2B54423B0004A0AC /* Release */ = {
			isa = XCBuildConfiguration;
			buildSettings = {
				ALWAYS_SEARCH_USER_PATHS = NO;
				ASSETCATALOG_COMPILER_GENERATE_SWIFT_ASSET_SYMBOL_EXTENSIONS = YES;
				CLANG_ANALYZER_NONNULL = YES;
				CLANG_ANALYZER_NUMBER_OBJECT_CONVERSION = YES_AGGRESSIVE;
				CLANG_CXX_LANGUAGE_STANDARD = "gnu++20";
				CLANG_ENABLE_MODULES = YES;
				CLANG_ENABLE_OBJC_ARC = YES;
				CLANG_ENABLE_OBJC_WEAK = YES;
				CLANG_WARN_BLOCK_CAPTURE_AUTORELEASING = YES;
				CLANG_WARN_BOOL_CONVERSION = YES;
				CLANG_WARN_COMMA = YES;
				CLANG_WARN_CONSTANT_CONVERSION = YES;
				CLANG_WARN_DEPRECATED_OBJC_IMPLEMENTATIONS = YES;
				CLANG_WARN_DIRECT_OBJC_ISA_USAGE = YES_ERROR;
				CLANG_WARN_DOCUMENTATION_COMMENTS = YES;
				CLANG_WARN_EMPTY_BODY = YES;
				CLANG_WARN_ENUM_CONVERSION = YES;
				CLANG_WARN_INFINITE_RECURSION = YES;
				CLANG_WARN_INT_CONVERSION = YES;
				CLANG_WARN_NON_LITERAL_NULL_CONVERSION = YES;
				CLANG_WARN_OBJC_IMPLICIT_RETAIN_SELF = YES;
				CLANG_WARN_OBJC_LITERAL_CONVERSION = YES;
				CLANG_WARN_OBJC_ROOT_CLASS = YES_ERROR;
				CLANG_WARN_QUOTED_INCLUDE_IN_FRAMEWORK_HEADER = YES;
				CLANG_WARN_RANGE_LOOP_ANALYSIS = YES;
				CLANG_WARN_STRICT_PROTOTYPES = YES;
				CLANG_WARN_SUSPICIOUS_MOVE = YES;
				CLANG_WARN_UNGUARDED_AVAILABILITY = YES_AGGRESSIVE;
				CLANG_WARN_UNREACHABLE_CODE = YES;
				CLANG_WARN__DUPLICATE_METHOD_MATCH = YES;
				COPY_PHASE_STRIP = NO;
				DEBUG_INFORMATION_FORMAT = "dwarf-with-dsym";
				ENABLE_NS_ASSERTIONS = NO;
				ENABLE_STRICT_OBJC_MSGSEND = YES;
				ENABLE_USER_SCRIPT_SANDBOXING = YES;
				GCC_C_LANGUAGE_STANDARD = gnu17;
				GCC_NO_COMMON_BLOCKS = YES;
				GCC_WARN_64_TO_32_BIT_CONVERSION = YES;
				GCC_WARN_ABOUT_RETURN_TYPE = YES_ERROR;
				GCC_WARN_UNDECLARED_SELECTOR = YES;
				GCC_WARN_UNINITIALIZED_AUTOS = YES_AGGRESSIVE;
				GCC_WARN_UNUSED_FUNCTION = YES;
				GCC_WARN_UNUSED_VARIABLE = YES;
				IPHONEOS_DEPLOYMENT_TARGET = 17.2;
				LOCALIZATION_PREFERS_STRING_CATALOGS = YES;
				MTL_ENABLE_DEBUG_INFO = NO;
				MTL_FAST_MATH = YES;
				SDKROOT = iphoneos;
				SWIFT_COMPILATION_MODE = wholemodule;
				VALIDATE_PRODUCT = YES;
			};
			name = Release;
		};
		DD18F4312B54423B0004A0AC /* Debug */ = {
			isa = XCBuildConfiguration;
			buildSettings = {
				ASSETCATALOG_COMPILER_APPICON_NAME = AppIcon;
				ASSETCATALOG_COMPILER_GLOBAL_ACCENT_COLOR_NAME = AccentColor;
				CODE_SIGN_STYLE = Automatic;
				CURRENT_PROJECT_VERSION = 1;
				DEVELOPMENT_ASSET_PATHS = "\"ClubHouse/Preview Content\"";
				DEVELOPMENT_TEAM = W49998LVKV;
				ENABLE_PREVIEWS = YES;
				GENERATE_INFOPLIST_FILE = YES;
				INFOPLIST_FILE = ClubHouse/Info.plist;
				INFOPLIST_KEY_UIApplicationSceneManifest_Generation = YES;
				INFOPLIST_KEY_UIApplicationSupportsIndirectInputEvents = YES;
				INFOPLIST_KEY_UILaunchScreen_Generation = YES;
				INFOPLIST_KEY_UISupportedInterfaceOrientations_iPad = "UIInterfaceOrientationPortrait UIInterfaceOrientationPortraitUpsideDown UIInterfaceOrientationLandscapeLeft UIInterfaceOrientationLandscapeRight";
				INFOPLIST_KEY_UISupportedInterfaceOrientations_iPhone = "UIInterfaceOrientationPortrait UIInterfaceOrientationLandscapeLeft UIInterfaceOrientationLandscapeRight";
				LD_RUNPATH_SEARCH_PATHS = (
					"$(inherited)",
					"@executable_path/Frameworks",
				);
				MARKETING_VERSION = 1.0;
				PRODUCT_BUNDLE_IDENTIFIER = com.olegplugaru.ClubHouse;
				PRODUCT_NAME = "$(TARGET_NAME)";
				SWIFT_EMIT_LOC_STRINGS = YES;
				SWIFT_VERSION = 5.0;
				TARGETED_DEVICE_FAMILY = "1,2";
			};
			name = Debug;
		};
		DD18F4322B54423B0004A0AC /* Release */ = {
			isa = XCBuildConfiguration;
			buildSettings = {
				ASSETCATALOG_COMPILER_APPICON_NAME = AppIcon;
				ASSETCATALOG_COMPILER_GLOBAL_ACCENT_COLOR_NAME = AccentColor;
				CODE_SIGN_STYLE = Automatic;
				CURRENT_PROJECT_VERSION = 1;
				DEVELOPMENT_ASSET_PATHS = "\"ClubHouse/Preview Content\"";
				DEVELOPMENT_TEAM = W49998LVKV;
				ENABLE_PREVIEWS = YES;
				GENERATE_INFOPLIST_FILE = YES;
				INFOPLIST_FILE = ClubHouse/Info.plist;
				INFOPLIST_KEY_UIApplicationSceneManifest_Generation = YES;
				INFOPLIST_KEY_UIApplicationSupportsIndirectInputEvents = YES;
				INFOPLIST_KEY_UILaunchScreen_Generation = YES;
				INFOPLIST_KEY_UISupportedInterfaceOrientations_iPad = "UIInterfaceOrientationPortrait UIInterfaceOrientationPortraitUpsideDown UIInterfaceOrientationLandscapeLeft UIInterfaceOrientationLandscapeRight";
				INFOPLIST_KEY_UISupportedInterfaceOrientations_iPhone = "UIInterfaceOrientationPortrait UIInterfaceOrientationLandscapeLeft UIInterfaceOrientationLandscapeRight";
				LD_RUNPATH_SEARCH_PATHS = (
					"$(inherited)",
					"@executable_path/Frameworks",
				);
				MARKETING_VERSION = 1.0;
				PRODUCT_BUNDLE_IDENTIFIER = com.olegplugaru.ClubHouse;
				PRODUCT_NAME = "$(TARGET_NAME)";
				SWIFT_EMIT_LOC_STRINGS = YES;
				SWIFT_VERSION = 5.0;
				TARGETED_DEVICE_FAMILY = "1,2";
			};
			name = Release;
		};
/* End XCBuildConfiguration section */

/* Begin XCConfigurationList section */
		DD18F41D2B54423A0004A0AC /* Build configuration list for PBXProject "ClubHouse" */ = {
			isa = XCConfigurationList;
			buildConfigurations = (
				DD18F42E2B54423B0004A0AC /* Debug */,
				DD18F42F2B54423B0004A0AC /* Release */,
			);
			defaultConfigurationIsVisible = 0;
			defaultConfigurationName = Release;
		};
		DD18F4302B54423B0004A0AC /* Build configuration list for PBXNativeTarget "ClubHouse" */ = {
			isa = XCConfigurationList;
			buildConfigurations = (
				DD18F4312B54423B0004A0AC /* Debug */,
				DD18F4322B54423B0004A0AC /* Release */,
			);
			defaultConfigurationIsVisible = 0;
			defaultConfigurationName = Release;
		};
/* End XCConfigurationList section */
	};
	rootObject = DD18F41A2B54423A0004A0AC /* Project object */;
}
